lockfileVersion: 5.3

specifiers:
  esbuild: 0.11.20
  prettier: 2.2.1
  svelte: 3.38.2
  typescript: 4.2.4

devDependencies:
  esbuild: 0.11.20
  prettier: 2.2.1
  svelte: 3.38.2
  typescript: 4.2.4

packages:

  /esbuild/0.11.20:
    resolution: {integrity: sha512-QOZrVpN/Yz74xfat0H6euSgn3RnwLevY1mJTEXneukz1ln9qB+ieaerRMzSeETpz/UJWsBMzRVR/andBht5WKw==}
    hasBin: true
    requiresBuild: true
    dev: true

  /prettier/2.2.1:
    resolution: {integrity: sha512-PqyhM2yCjg/oKkFPtTGUojv7gnZAoG80ttl45O6x2Ug/rMJw4wcc9k6aaf2hibP7BGVCCM33gZoGjyvt9mm16Q==}
    engines: {node: '>=10.13.0'}
    hasBin: true
    dev: true

  /svelte/3.38.2:
    resolution: {integrity: sha512-q5Dq0/QHh4BLJyEVWGe7Cej5NWs040LWjMbicBGZ+3qpFWJ1YObRmUDZKbbovddLC9WW7THTj3kYbTOFmU9fbg==}
    engines: {node: '>= 8'}
    dev: true

  /typescript/4.2.4:
    resolution: {integrity: sha512-V+evlYHZnQkaz8TRBuxTA92yZBPotr5H+WhQ7bD3hZUndx5tGOa1fuCgeSjxAzM1RiN5IzvadIXTVefuuwZCRg==}
    engines: {node: '>=4.2.0'}
    hasBin: true
    dev: true
