lockfileVersion: 5.4

specifiers:
  esbuild: 0.16.9
  prettier: 2.8.1
  svelte: 3.55.0
  typescript: 4.9.4

devDependencies:
  esbuild: 0.16.9
  prettier: 2.8.1
  svelte: 3.55.0
  typescript: 4.9.4

packages:

  /@esbuild/android-arm/0.16.9:
    resolution: {integrity: sha512-kW5ccqWHVOOTGUkkJbtfoImtqu3kA1PFkivM+9QPFSHphPfPBlBalX9eDRqPK+wHCqKhU48/78T791qPgC9e9A==}
    engines: {node: '>=12'}
    cpu: [arm]
    os: [android]
    requiresBuild: true
    dev: true
    optional: true

  /@esbuild/android-arm64/0.16.9:
    resolution: {integrity: sha512-ndIAZJUeLx4O+4AJbFQCurQW4VRUXjDsUvt1L+nP8bVELOWdmdCEOtlIweCUE6P+hU0uxYbEK2AEP0n5IVQvhg==}
    engines: {node: '>=12'}
    cpu: [arm64]
    os: [android]
    requiresBuild: true
    dev: true
    optional: true

  /@esbuild/android-x64/0.16.9:
    resolution: {integrity: sha512-UbMcJB4EHrAVOnknQklREPgclNU2CPet2h+sCBCXmF2mfoYWopBn/CfTfeyOkb/JglOcdEADqAljFndMKnFtOw==}
    engines: {node: '>=12'}
    cpu: [x64]
    os: [android]
    requiresBuild: true
    dev: true
    optional: true

  /@esbuild/darwin-arm64/0.16.9:
    resolution: {integrity: sha512-d7D7/nrt4CxPul98lx4PXhyNZwTYtbdaHhOSdXlZuu5zZIznjqtMqLac8Bv+IuT6SVHiHUwrkL6ywD7mOgLW+A==}
    engines: {node: '>=12'}
    cpu: [arm64]
    os: [darwin]
    requiresBuild: true
    dev: true
    optional: true

  /@esbuild/darwin-x64/0.16.9:
    resolution: {integrity: sha512-LZc+Wlz06AkJYtwWsBM3x2rSqTG8lntDuftsUNQ3fCx9ZttYtvlDcVtgb+NQ6t9s6K5No5zutN3pcjZEC2a4iQ==}
    engines: {node: '>=12'}
    cpu: [x64]
    os: [darwin]
    requiresBuild: true
    dev: true
    optional: true

  /@esbuild/freebsd-arm64/0.16.9:
    resolution: {integrity: sha512-gIj0UQZlQo93CHYouHKkpzP7AuruSaMIm1etcWIxccFEVqCN1xDr6BWlN9bM+ol/f0W9w3hx3HDuEwcJVtGneQ==}
    engines: {node: '>=12'}
    cpu: [arm64]
    os: [freebsd]
    requiresBuild: true
    dev: true
    optional: true

  /@esbuild/freebsd-x64/0.16.9:
    resolution: {integrity: sha512-GNors4vaMJ7lzGOuhzNc7jvgsQZqErGA8rsW+nck8N1nYu86CvsJW2seigVrQQWOV4QzEP8Zf3gm+QCjA2hnBQ==}
    engines: {node: '>=12'}
    cpu: [x64]
    os: [freebsd]
    requiresBuild: true
    dev: true
    optional: true

  /@esbuild/linux-arm/0.16.9:
    resolution: {integrity: sha512-cNx1EF99c2t1Ztn0lk9N+MuwBijGF8mH6nx9GFsB3e0lpUpPkCE/yt5d+7NP9EwJf5uzqdjutgVYoH1SNqzudA==}
    engines: {node: '>=12'}
    cpu: [arm]
    os: [linux]
    requiresBuild: true
    dev: true
    optional: true

  /@esbuild/linux-arm64/0.16.9:
    resolution: {integrity: sha512-YPxQunReYp8RQ1FvexFrOEqqf+nLbS3bKVZF5FRT2uKM7Wio7BeATqAwO02AyrdSEntt3I5fhFsujUChIa8CZg==}
    engines: {node: '>=12'}
    cpu: [arm64]
    os: [linux]
    requiresBuild: true
    dev: true
    optional: true

  /@esbuild/linux-ia32/0.16.9:
    resolution: {integrity: sha512-zb12ixDIKNwFpIqR00J88FFitVwOEwO78EiUi8wi8FXlmSc3GtUuKV/BSO+730Kglt0B47+ZrJN1BhhOxZaVrw==}
    engines: {node: '>=12'}
    cpu: [ia32]
    os: [linux]
    requiresBuild: true
    dev: true
    optional: true

  /@esbuild/linux-loong64/0.16.9:
    resolution: {integrity: sha512-X8te4NLxtHiNT6H+4Pfm5RklzItA1Qy4nfyttihGGX+Koc53Ar20ViC+myY70QJ8PDEOehinXZj/F7QK3A+MKQ==}
    engines: {node: '>=12'}
    cpu: [loong64]
    os: [linux]
    requiresBuild: true
    dev: true
    optional: true

  /@esbuild/linux-mips64el/0.16.9:
    resolution: {integrity: sha512-ZqyMDLt02c5smoS3enlF54ndK5zK4IpClLTxF0hHfzHJlfm4y8IAkIF8LUW0W7zxcKy7oAwI7BRDqeVvC120SA==}
    engines: {node: '>=12'}
    cpu: [mips64el]
    os: [linux]
    requiresBuild: true
    dev: true
    optional: true

  /@esbuild/linux-ppc64/0.16.9:
    resolution: {integrity: sha512-k+ca5W5LDBEF3lfDwMV6YNXwm4wEpw9krMnNvvlNz3MrKSD2Eb2c861O0MaKrZkG/buTQAP4vkavbLwgIe6xjg==}
    engines: {node: '>=12'}
    cpu: [ppc64]
    os: [linux]
    requiresBuild: true
    dev: true
    optional: true

  /@esbuild/linux-riscv64/0.16.9:
    resolution: {integrity: sha512-GuInVdogjmg9DhgkEmNipHkC+3tzkanPJzgzTC2ihsvrruLyFoR1YrTGixblNSMPudQLpiqkcwGwwe0oqfrvfA==}
    engines: {node: '>=12'}
    cpu: [riscv64]
    os: [linux]
    requiresBuild: true
    dev: true
    optional: true

  /@esbuild/linux-s390x/0.16.9:
    resolution: {integrity: sha512-49wQ0aYkvwXonGsxc7LuuLNICMX8XtO92Iqmug5Qau0kpnV6SP34jk+jIeu4suHwAbSbRhVFtDv75yRmyfQcHw==}
    engines: {node: '>=12'}
    cpu: [s390x]
    os: [linux]
    requiresBuild: true
    dev: true
    optional: true

  /@esbuild/linux-x64/0.16.9:
    resolution: {integrity: sha512-Nx4oKEAJ6EcQlt4dK7qJyuZUoXZG7CAeY22R7rqZijFzwFfMOD+gLP56uV7RrV86jGf8PeRY8TBsRmOcZoG42w==}
    engines: {node: '>=12'}
    cpu: [x64]
    os: [linux]
    requiresBuild: true
    dev: true
    optional: true

  /@esbuild/netbsd-x64/0.16.9:
    resolution: {integrity: sha512-d0WnpgJ+FTiMZXEQ1NOv9+0gvEhttbgKEvVqWWAtl1u9AvlspKXbodKHzQ5MLP6YV1y52Xp+p8FMYqj8ykTahg==}
    engines: {node: '>=12'}
    cpu: [x64]
    os: [netbsd]
    requiresBuild: true
    dev: true
    optional: true

  /@esbuild/openbsd-x64/0.16.9:
    resolution: {integrity: sha512-jccK11278dvEscHFfMk5EIPjF4wv1qGD0vps7mBV1a6TspdR36O28fgPem/SA/0pcsCPHjww5ouCLwP+JNAFlw==}
    engines: {node: '>=12'}
    cpu: [x64]
    os: [openbsd]
    requiresBuild: true
    dev: true
    optional: true

  /@esbuild/sunos-x64/0.16.9:
    resolution: {integrity: sha512-OetwTSsv6mIDLqN7I7I2oX9MmHGwG+AP+wKIHvq+6sIHwcPPJqRx+DJB55jy9JG13CWcdcQno/7V5MTJ5a0xfQ==}
    engines: {node: '>=12'}
    cpu: [x64]
    os: [sunos]
    requiresBuild: true
    dev: true
    optional: true

  /@esbuild/win32-arm64/0.16.9:
    resolution: {integrity: sha512-tKSSSK6unhxbGbHg+Cc+JhRzemkcsX0tPBvG0m5qsWbkShDK9c+/LSb13L18LWVdOQZwuA55Vbakxmt6OjBDOQ==}
    engines: {node: '>=12'}
    cpu: [arm64]
    os: [win32]
    requiresBuild: true
    dev: true
    optional: true

  /@esbuild/win32-ia32/0.16.9:
    resolution: {integrity: sha512-ZTQ5vhNS5gli0KK8I6/s6+LwXmNEfq1ftjnSVyyNm33dBw8zDpstqhGXYUbZSWWLvkqiRRjgxgmoncmi6Yy7Ng==}
    engines: {node: '>=12'}
    cpu: [ia32]
    os: [win32]
    requiresBuild: true
    dev: true
    optional: true

  /@esbuild/win32-x64/0.16.9:
    resolution: {integrity: sha512-C4ZX+YFIp6+lPrru3tpH6Gaapy8IBRHw/e7l63fzGDhn/EaiGpQgbIlT5paByyy+oMvRFQoxxyvC4LE0AjJMqQ==}
    engines: {node: '>=12'}
    cpu: [x64]
    os: [win32]
    requiresBuild: true
    dev: true
    optional: true

  /esbuild/0.16.9:
    resolution: {integrity: sha512-gkH83yHyijMSZcZFs1IWew342eMdFuWXmQo3zkDPTre25LIPBJsXryg02M3u8OpTwCJdBkdaQwqKkDLnAsAeLQ==}
    engines: {node: '>=12'}
    hasBin: true
    requiresBuild: true
    optionalDependencies:
      '@esbuild/android-arm': 0.16.9
      '@esbuild/android-arm64': 0.16.9
      '@esbuild/android-x64': 0.16.9
      '@esbuild/darwin-arm64': 0.16.9
      '@esbuild/darwin-x64': 0.16.9
      '@esbuild/freebsd-arm64': 0.16.9
      '@esbuild/freebsd-x64': 0.16.9
      '@esbuild/linux-arm': 0.16.9
      '@esbuild/linux-arm64': 0.16.9
      '@esbuild/linux-ia32': 0.16.9
      '@esbuild/linux-loong64': 0.16.9
      '@esbuild/linux-mips64el': 0.16.9
      '@esbuild/linux-ppc64': 0.16.9
      '@esbuild/linux-riscv64': 0.16.9
      '@esbuild/linux-s390x': 0.16.9
      '@esbuild/linux-x64': 0.16.9
      '@esbuild/netbsd-x64': 0.16.9
      '@esbuild/openbsd-x64': 0.16.9
      '@esbuild/sunos-x64': 0.16.9
      '@esbuild/win32-arm64': 0.16.9
      '@esbuild/win32-ia32': 0.16.9
      '@esbuild/win32-x64': 0.16.9
    dev: true

  /prettier/2.8.1:
    resolution: {integrity: sha512-lqGoSJBQNJidqCHE80vqZJHWHRFoNYsSpP9AjFhlhi9ODCJA541svILes/+/1GM3VaL/abZi7cpFzOpdR9UPKg==}
    engines: {node: '>=10.13.0'}
    hasBin: true
    dev: true

  /svelte/3.55.0:
    resolution: {integrity: sha512-uGu2FVMlOuey4JoKHKrpZFkoYyj0VLjJdz47zX5+gVK5odxHM40RVhar9/iK2YFRVxvfg9FkhfVlR0sjeIrOiA==}
    engines: {node: '>= 8'}
    dev: true

  /typescript/4.9.4:
    resolution: {integrity: sha512-Uz+dTXYzxXXbsFpM86Wh3dKCxrQqUcVMxwU54orwlJjOpO3ao8L7j5lH+dWfTwgCwIuM9GQ2kvVotzYJMXTBZg==}
    engines: {node: '>=4.2.0'}
    hasBin: true
    dev: true
