devDependencies:
  esbuild: 0.11.0
  prettier: 2.2.1
  svelte: 3.35.0
  typescript: 4.2.3
lockfileVersion: 5.2
packages:
  /esbuild/0.11.0:
    dev: true
    hasBin: true
    requiresBuild: true
    resolution:
      integrity: sha512-soxN5dic/pDMM0LKLUKmpOY/MVfF+6n3RHLS2ez0YQoM0dmd2tTs/hmAC4pxfhm2Pvn/28UtMJyFedRYC+8olA==
  /prettier/2.2.1:
    dev: true
    engines:
      node: '>=10.13.0'
    hasBin: true
    resolution:
      integrity: sha512-PqyhM2yCjg/oKkFPtTGUojv7gnZAoG80ttl45O6x2Ug/rMJw4wcc9k6aaf2hibP7BGVCCM33gZoGjyvt9mm16Q==
  /svelte/3.35.0:
    dev: true
    engines:
      node: '>= 8'
    resolution:
      integrity: sha512-gknlZkR2sXheu/X+B7dDImwANVvK1R0QGQLd8CNIfxxGPeXBmePnxfzb6fWwTQRsYQG7lYkZXvpXJvxvpsoB7g==
  /typescript/4.2.3:
    dev: true
    engines:
      node: '>=4.2.0'
    hasBin: true
    resolution:
      integrity: sha512-qOcYwxaByStAWrBf4x0fibwZvMRG+r4cQoTjbPtUlrWjBHbmCAww1i448U0GJ+3cNNEtebDteo/cHOR3xJ4wEw==
specifiers:
  esbuild: 0.11.0
  prettier: 2.2.1
  svelte: 3.35.0
  typescript: 4.2.3
