# THIS IS AN AUTOGENERATED FILE. DO NOT EDIT THIS FILE DIRECTLY.
# yarn lockfile v1


"@cloudflare/workers-types@1.0.6":
  version "1.0.6"
  resolved "https://mirrors.huaweicloud.com/repository/npm/@cloudflare/workers-types/-/workers-types-1.0.6.tgz#f4c74e818a3d935e258ec0b3c0ab6788f0385057"
  integrity sha512-hmpkFqiRNMkcgUPedOTdM3qIn4sM7k3KvtpmMu0N9mtXlAAFqq44UN8BZp/Ba8vefI8XywS/31ZVpD/bnXIeBA==

"@types/node@12.12.17":
  version "12.12.17"
  resolved "https://mirrors.huaweicloud.com/repository/npm/@types/node/-/node-12.12.17.tgz#191b71e7f4c325ee0fb23bc4a996477d92b8c39b"
  integrity sha512-Is+l3mcHvs47sKy+afn2O1rV4ldZFU7W8101cNlOd+MRbjM4Onida8jSZnJdTe/0Pcf25g9BNIUsuugmE6puHA==

prettier@1.19.1:
  version "1.19.1"
  resolved "https://mirrors.huaweicloud.com/repository/npm/prettier/-/prettier-1.19.1.tgz#f7d7f5ff8a9cd872a7be4ca142095956a60797cb"
  integrity sha512-s7PoyDv/II1ObgQunCbB9PdLmUcBZcnWOcxDh7O0N/UwDEsHyqkW+Qh28jW+mVuCdx7gLB0BotYI1Y6uI9iyew==

typescript@3.7.3:
  version "3.7.3"
  resolved "https://mirrors.huaweicloud.com/repository/npm/typescript/-/typescript-3.7.3.tgz#b36840668a16458a7025b9eabfad11b66ab85c69"
  integrity sha512-Mcr/Qk7hXqFBXMN7p7Lusj1ktCBydylfQM/FZCk5glCNQJrCUKPkMHdo9R0MTFWsC/4kPFvDS0fDPvukfCkFsw==
