lockfileVersion: '9.0'

settings:
  autoInstallPeers: true
  excludeLinksFromLockfile: false

importers:

  .:
    dependencies:
      '@preact/signals':
        specifier: 1.3.0
        version: 1.3.0(preact@10.23.2)
      preact:
        specifier: 10.23.2
        version: 10.23.2
      preact-render-to-string:
        specifier: 6.5.10
        version: 6.5.10(preact@10.23.2)
      spectre.css:
        specifier: 0.5.9
        version: 0.5.9
    devDependencies:
      esbuild:
        specifier: 0.23.1
        version: 0.23.1
      oxlint:
        specifier: 0.9.3
        version: 0.9.3
      prettier:
        specifier: 3.3.3
        version: 3.3.3
      prettier-plugin-organize-imports:
        specifier: 4.0.0
        version: 4.0.0(prettier@3.3.3)(typescript@5.5.4)
      typescript:
        specifier: 5.5.4
        version: 5.5.4

packages:

  '@esbuild/aix-ppc64@0.23.1':
    resolution: {integrity: sha512-6VhYk1diRqrhBAqpJEdjASR/+WVRtfjpqKuNw11cLiaWpAT/Uu+nokB+UJnevzy/P9C/ty6AOe0dwueMrGh/iQ==}
    engines: {node: '>=18'}
    cpu: [ppc64]
    os: [aix]

  '@esbuild/android-arm64@0.23.1':
    resolution: {integrity: sha512-xw50ipykXcLstLeWH7WRdQuysJqejuAGPd30vd1i5zSyKK3WE+ijzHmLKxdiCMtH1pHz78rOg0BKSYOSB/2Khw==}
    engines: {node: '>=18'}
    cpu: [arm64]
    os: [android]

  '@esbuild/android-arm@0.23.1':
    resolution: {integrity: sha512-uz6/tEy2IFm9RYOyvKl88zdzZfwEfKZmnX9Cj1BHjeSGNuGLuMD1kR8y5bteYmwqKm1tj8m4cb/aKEorr6fHWQ==}
    engines: {node: '>=18'}
    cpu: [arm]
    os: [android]

  '@esbuild/android-x64@0.23.1':
    resolution: {integrity: sha512-nlN9B69St9BwUoB+jkyU090bru8L0NA3yFvAd7k8dNsVH8bi9a8cUAUSEcEEgTp2z3dbEDGJGfP6VUnkQnlReg==}
    engines: {node: '>=18'}
    cpu: [x64]
    os: [android]

  '@esbuild/darwin-arm64@0.23.1':
    resolution: {integrity: sha512-YsS2e3Wtgnw7Wq53XXBLcV6JhRsEq8hkfg91ESVadIrzr9wO6jJDMZnCQbHm1Guc5t/CdDiFSSfWP58FNuvT3Q==}
    engines: {node: '>=18'}
    cpu: [arm64]
    os: [darwin]

  '@esbuild/darwin-x64@0.23.1':
    resolution: {integrity: sha512-aClqdgTDVPSEGgoCS8QDG37Gu8yc9lTHNAQlsztQ6ENetKEO//b8y31MMu2ZaPbn4kVsIABzVLXYLhCGekGDqw==}
    engines: {node: '>=18'}
    cpu: [x64]
    os: [darwin]

  '@esbuild/freebsd-arm64@0.23.1':
    resolution: {integrity: sha512-h1k6yS8/pN/NHlMl5+v4XPfikhJulk4G+tKGFIOwURBSFzE8bixw1ebjluLOjfwtLqY0kewfjLSrO6tN2MgIhA==}
    engines: {node: '>=18'}
    cpu: [arm64]
    os: [freebsd]

  '@esbuild/freebsd-x64@0.23.1':
    resolution: {integrity: sha512-lK1eJeyk1ZX8UklqFd/3A60UuZ/6UVfGT2LuGo3Wp4/z7eRTRYY+0xOu2kpClP+vMTi9wKOfXi2vjUpO1Ro76g==}
    engines: {node: '>=18'}
    cpu: [x64]
    os: [freebsd]

  '@esbuild/linux-arm64@0.23.1':
    resolution: {integrity: sha512-/93bf2yxencYDnItMYV/v116zff6UyTjo4EtEQjUBeGiVpMmffDNUyD9UN2zV+V3LRV3/on4xdZ26NKzn6754g==}
    engines: {node: '>=18'}
    cpu: [arm64]
    os: [linux]

  '@esbuild/linux-arm@0.23.1':
    resolution: {integrity: sha512-CXXkzgn+dXAPs3WBwE+Kvnrf4WECwBdfjfeYHpMeVxWE0EceB6vhWGShs6wi0IYEqMSIzdOF1XjQ/Mkm5d7ZdQ==}
    engines: {node: '>=18'}
    cpu: [arm]
    os: [linux]

  '@esbuild/linux-ia32@0.23.1':
    resolution: {integrity: sha512-VTN4EuOHwXEkXzX5nTvVY4s7E/Krz7COC8xkftbbKRYAl96vPiUssGkeMELQMOnLOJ8k3BY1+ZY52tttZnHcXQ==}
    engines: {node: '>=18'}
    cpu: [ia32]
    os: [linux]

  '@esbuild/linux-loong64@0.23.1':
    resolution: {integrity: sha512-Vx09LzEoBa5zDnieH8LSMRToj7ir/Jeq0Gu6qJ/1GcBq9GkfoEAoXvLiW1U9J1qE/Y/Oyaq33w5p2ZWrNNHNEw==}
    engines: {node: '>=18'}
    cpu: [loong64]
    os: [linux]

  '@esbuild/linux-mips64el@0.23.1':
    resolution: {integrity: sha512-nrFzzMQ7W4WRLNUOU5dlWAqa6yVeI0P78WKGUo7lg2HShq/yx+UYkeNSE0SSfSure0SqgnsxPvmAUu/vu0E+3Q==}
    engines: {node: '>=18'}
    cpu: [mips64el]
    os: [linux]

  '@esbuild/linux-ppc64@0.23.1':
    resolution: {integrity: sha512-dKN8fgVqd0vUIjxuJI6P/9SSSe/mB9rvA98CSH2sJnlZ/OCZWO1DJvxj8jvKTfYUdGfcq2dDxoKaC6bHuTlgcw==}
    engines: {node: '>=18'}
    cpu: [ppc64]
    os: [linux]

  '@esbuild/linux-riscv64@0.23.1':
    resolution: {integrity: sha512-5AV4Pzp80fhHL83JM6LoA6pTQVWgB1HovMBsLQ9OZWLDqVY8MVobBXNSmAJi//Csh6tcY7e7Lny2Hg1tElMjIA==}
    engines: {node: '>=18'}
    cpu: [riscv64]
    os: [linux]

  '@esbuild/linux-s390x@0.23.1':
    resolution: {integrity: sha512-9ygs73tuFCe6f6m/Tb+9LtYxWR4c9yg7zjt2cYkjDbDpV/xVn+68cQxMXCjUpYwEkze2RcU/rMnfIXNRFmSoDw==}
    engines: {node: '>=18'}
    cpu: [s390x]
    os: [linux]

  '@esbuild/linux-x64@0.23.1':
    resolution: {integrity: sha512-EV6+ovTsEXCPAp58g2dD68LxoP/wK5pRvgy0J/HxPGB009omFPv3Yet0HiaqvrIrgPTBuC6wCH1LTOY91EO5hQ==}
    engines: {node: '>=18'}
    cpu: [x64]
    os: [linux]

  '@esbuild/netbsd-x64@0.23.1':
    resolution: {integrity: sha512-aevEkCNu7KlPRpYLjwmdcuNz6bDFiE7Z8XC4CPqExjTvrHugh28QzUXVOZtiYghciKUacNktqxdpymplil1beA==}
    engines: {node: '>=18'}
    cpu: [x64]
    os: [netbsd]

  '@esbuild/openbsd-arm64@0.23.1':
    resolution: {integrity: sha512-3x37szhLexNA4bXhLrCC/LImN/YtWis6WXr1VESlfVtVeoFJBRINPJ3f0a/6LV8zpikqoUg4hyXw0sFBt5Cr+Q==}
    engines: {node: '>=18'}
    cpu: [arm64]
    os: [openbsd]

  '@esbuild/openbsd-x64@0.23.1':
    resolution: {integrity: sha512-aY2gMmKmPhxfU+0EdnN+XNtGbjfQgwZj43k8G3fyrDM/UdZww6xrWxmDkuz2eCZchqVeABjV5BpildOrUbBTqA==}
    engines: {node: '>=18'}
    cpu: [x64]
    os: [openbsd]

  '@esbuild/sunos-x64@0.23.1':
    resolution: {integrity: sha512-RBRT2gqEl0IKQABT4XTj78tpk9v7ehp+mazn2HbUeZl1YMdaGAQqhapjGTCe7uw7y0frDi4gS0uHzhvpFuI1sA==}
    engines: {node: '>=18'}
    cpu: [x64]
    os: [sunos]

  '@esbuild/win32-arm64@0.23.1':
    resolution: {integrity: sha512-4O+gPR5rEBe2FpKOVyiJ7wNDPA8nGzDuJ6gN4okSA1gEOYZ67N8JPk58tkWtdtPeLz7lBnY6I5L3jdsr3S+A6A==}
    engines: {node: '>=18'}
    cpu: [arm64]
    os: [win32]

  '@esbuild/win32-ia32@0.23.1':
    resolution: {integrity: sha512-BcaL0Vn6QwCwre3Y717nVHZbAa4UBEigzFm6VdsVdT/MbZ38xoj1X9HPkZhbmaBGUD1W8vxAfffbDe8bA6AKnQ==}
    engines: {node: '>=18'}
    cpu: [ia32]
    os: [win32]

  '@esbuild/win32-x64@0.23.1':
    resolution: {integrity: sha512-BHpFFeslkWrXWyUPnbKm+xYYVYruCinGcftSBaa8zoF9hZO4BcSCFUvHVTtzpIY6YzUnYtuEhZ+C9iEXjxnasg==}
    engines: {node: '>=18'}
    cpu: [x64]
    os: [win32]

  '@oxlint/darwin-arm64@0.9.3':
    resolution: {integrity: sha512-ToQs4gOnWCUEbnvQSVCq2+wBQO0m17iUeVtnKJhENjP7t37yHV5SPO/gNTPBAQLkNgA/3skJLeLi9Jg+BNDAFw==}
    cpu: [arm64]
    os: [darwin]

  '@oxlint/darwin-x64@0.9.3':
    resolution: {integrity: sha512-lc3z4TFKXzFuR65OlTUUpRJMoHgSAAcxsGpzYWZDjxyWJr2nLydD3W22CSpRoWeQ8tU5V7dRCy/NvqymGXuMYQ==}
    cpu: [x64]
    os: [darwin]

  '@oxlint/linux-arm64-gnu@0.9.3':
    resolution: {integrity: sha512-EKpuCExwNc3ramzauMXDOBIx9Aopisg9xCu3cWUaO+hgXD/U02mwvtXOhrjGH63VeAXHevioIDFKuebLp7AfWQ==}
    cpu: [arm64]
    os: [linux]

  '@oxlint/linux-arm64-musl@0.9.3':
    resolution: {integrity: sha512-lY8PP1WOoRBU3jBDIp6+q9lxdXtxJa/OdqfsSP3fJky1n3xvd8UEufIJE5CI8dyGaTahES8HxbHw4sMFnsfLpg==}
    cpu: [arm64]
    os: [linux]

  '@oxlint/linux-x64-gnu@0.9.3':
    resolution: {integrity: sha512-jXn+KV18pgBDrK+Kl3q+NBXfdnTnjJ6HQa8zsyMlDkc7c4tkmxhqMlSzwnfYreTQQSB9NGtHACBC4mF6k4e4sw==}
    cpu: [x64]
    os: [linux]

  '@oxlint/linux-x64-musl@0.9.3':
    resolution: {integrity: sha512-UmWzxeE4zuWz/LpeJjpWGk/tvwI2BJ2gRGaUAZnTjJc6uR7tg9eQ4XFipy7y6+lYVpvlrmvu4Cldxf1+E/8BaQ==}
    cpu: [x64]
    os: [linux]

  '@oxlint/win32-arm64@0.9.3':
    resolution: {integrity: sha512-DvhfhMHWzBoHwpFa1pRDrkpO90rUcjWXU2/A9nCh4NxWjY8EDzsPNsYTGSPeZsa42wg+fq8aMHiOUxDqLU0CiQ==}
    cpu: [arm64]
    os: [win32]

  '@oxlint/win32-x64@0.9.3':
    resolution: {integrity: sha512-g2oFpiTPmBgSY6kR7SCuYCkml7ioyTeBQPX1GARoCpjdFG4RjC5ujIu/csEJ+VntGAEpqk1vSA+TmISnt15zgA==}
    cpu: [x64]
    os: [win32]

  '@preact/signals-core@1.8.0':
    resolution: {integrity: sha512-OBvUsRZqNmjzCZXWLxkZfhcgT+Fk8DDcT/8vD6a1xhDemodyy87UJRJfASMuSD8FaAIeGgGm85ydXhm7lr4fyA==}

  '@preact/signals@1.3.0':
    resolution: {integrity: sha512-EOMeg42SlLS72dhoq6Vjq08havnLseWmPQ8A0YsgIAqMgWgx7V1a39+Pxo6i7SY5NwJtH4849JogFq3M67AzWg==}
    peerDependencies:
      preact: 10.x

  esbuild@0.23.1:
    resolution: {integrity: sha512-VVNz/9Sa0bs5SELtn3f7qhJCDPCF5oMEl5cO9/SSinpE9hbPVvxbd572HH5AKiP7WD8INO53GgfDDhRjkylHEg==}
    engines: {node: '>=18'}
    hasBin: true

  oxlint@0.9.3:
    resolution: {integrity: sha512-ecC+nASibeOMBH9clpbBYKgLn/HB0PhaeyD/L3pZ5FTM1HJqYKsOwYmv9npULrN6oTA1JEkE3VRRk9H+Jev9WQ==}
    engines: {node: '>=14.*'}
    hasBin: true

  preact-render-to-string@6.5.10:
    resolution: {integrity: sha512-BJdypTQaBA5UbTF9NKZS3zP93Sw33tZOxNXIfuHofqOZFoMdsquNkVebs/HkEw0in/Qbi6Ep/Anngnj+VsHeBQ==}
    peerDependencies:
      preact: '>=10'

  preact@10.23.2:
    resolution: {integrity: sha512-kKYfePf9rzKnxOAKDpsWhg/ysrHPqT+yQ7UW4JjdnqjFIeNUnNcEJvhuA8fDenxAGWzUqtd51DfVg7xp/8T9NA==}

  prettier-plugin-organize-imports@4.0.0:
    resolution: {integrity: sha512-vnKSdgv9aOlqKeEFGhf9SCBsTyzDSyScy1k7E0R1Uo4L0cTcOV7c1XQaT7jfXIOc/p08WLBfN2QUQA9zDSZMxA==}
    peerDependencies:
      '@vue/language-plugin-pug': ^2.0.24
      prettier: '>=2.0'
      typescript: '>=2.9'
      vue-tsc: ^2.0.24
    peerDependenciesMeta:
      '@vue/language-plugin-pug':
        optional: true
      vue-tsc:
        optional: true

  prettier@3.3.3:
    resolution: {integrity: sha512-i2tDNA0O5IrMO757lfrdQZCc2jPNDVntV0m/+4whiDfWaTKfMNgR7Qz0NAeGz/nRqF4m5/6CLzbP4/liHt12Ew==}
    engines: {node: '>=14'}
    hasBin: true

  spectre.css@0.5.9:
    resolution: {integrity: sha512-9jUqwZmCnvflrxFGcK+ize43TvjwDjqMwZPVubEtSIHzvinH0TBUESm1LcOJx3Ur7bdPaeOHQIjOqBl1Y5kLFw==}

  typescript@5.5.4:
    resolution: {integrity: sha512-Mtq29sKDAEYP7aljRgtPOpTvOfbwRWlS6dPRzwjdE+C0R4brX/GUyhHSecbHMFLNBLcJIPt9nl9yG5TZ1weH+Q==}
    engines: {node: '>=14.17'}
    hasBin: true

snapshots:

  '@esbuild/aix-ppc64@0.23.1':
    optional: true

  '@esbuild/android-arm64@0.23.1':
    optional: true

  '@esbuild/android-arm@0.23.1':
    optional: true

  '@esbuild/android-x64@0.23.1':
    optional: true

  '@esbuild/darwin-arm64@0.23.1':
    optional: true

  '@esbuild/darwin-x64@0.23.1':
    optional: true

  '@esbuild/freebsd-arm64@0.23.1':
    optional: true

  '@esbuild/freebsd-x64@0.23.1':
    optional: true

  '@esbuild/linux-arm64@0.23.1':
    optional: true

  '@esbuild/linux-arm@0.23.1':
    optional: true

  '@esbuild/linux-ia32@0.23.1':
    optional: true

  '@esbuild/linux-loong64@0.23.1':
    optional: true

  '@esbuild/linux-mips64el@0.23.1':
    optional: true

  '@esbuild/linux-ppc64@0.23.1':
    optional: true

  '@esbuild/linux-riscv64@0.23.1':
    optional: true

  '@esbuild/linux-s390x@0.23.1':
    optional: true

  '@esbuild/linux-x64@0.23.1':
    optional: true

  '@esbuild/netbsd-x64@0.23.1':
    optional: true

  '@esbuild/openbsd-arm64@0.23.1':
    optional: true

  '@esbuild/openbsd-x64@0.23.1':
    optional: true

  '@esbuild/sunos-x64@0.23.1':
    optional: true

  '@esbuild/win32-arm64@0.23.1':
    optional: true

  '@esbuild/win32-ia32@0.23.1':
    optional: true

  '@esbuild/win32-x64@0.23.1':
    optional: true

  '@oxlint/darwin-arm64@0.9.3':
    optional: true

  '@oxlint/darwin-x64@0.9.3':
    optional: true

  '@oxlint/linux-arm64-gnu@0.9.3':
    optional: true

  '@oxlint/linux-arm64-musl@0.9.3':
    optional: true

  '@oxlint/linux-x64-gnu@0.9.3':
    optional: true

  '@oxlint/linux-x64-musl@0.9.3':
    optional: true

  '@oxlint/win32-arm64@0.9.3':
    optional: true

  '@oxlint/win32-x64@0.9.3':
    optional: true

  '@preact/signals-core@1.8.0': {}

  '@preact/signals@1.3.0(preact@10.23.2)':
    dependencies:
      '@preact/signals-core': 1.8.0
      preact: 10.23.2

  esbuild@0.23.1:
    optionalDependencies:
      '@esbuild/aix-ppc64': 0.23.1
      '@esbuild/android-arm': 0.23.1
      '@esbuild/android-arm64': 0.23.1
      '@esbuild/android-x64': 0.23.1
      '@esbuild/darwin-arm64': 0.23.1
      '@esbuild/darwin-x64': 0.23.1
      '@esbuild/freebsd-arm64': 0.23.1
      '@esbuild/freebsd-x64': 0.23.1
      '@esbuild/linux-arm': 0.23.1
      '@esbuild/linux-arm64': 0.23.1
      '@esbuild/linux-ia32': 0.23.1
      '@esbuild/linux-loong64': 0.23.1
      '@esbuild/linux-mips64el': 0.23.1
      '@esbuild/linux-ppc64': 0.23.1
      '@esbuild/linux-riscv64': 0.23.1
      '@esbuild/linux-s390x': 0.23.1
      '@esbuild/linux-x64': 0.23.1
      '@esbuild/netbsd-x64': 0.23.1
      '@esbuild/openbsd-arm64': 0.23.1
      '@esbuild/openbsd-x64': 0.23.1
      '@esbuild/sunos-x64': 0.23.1
      '@esbuild/win32-arm64': 0.23.1
      '@esbuild/win32-ia32': 0.23.1
      '@esbuild/win32-x64': 0.23.1

  oxlint@0.9.3:
    optionalDependencies:
      '@oxlint/darwin-arm64': 0.9.3
      '@oxlint/darwin-x64': 0.9.3
      '@oxlint/linux-arm64-gnu': 0.9.3
      '@oxlint/linux-arm64-musl': 0.9.3
      '@oxlint/linux-x64-gnu': 0.9.3
      '@oxlint/linux-x64-musl': 0.9.3
      '@oxlint/win32-arm64': 0.9.3
      '@oxlint/win32-x64': 0.9.3

  preact-render-to-string@6.5.10(preact@10.23.2):
    dependencies:
      preact: 10.23.2

  preact@10.23.2: {}

  prettier-plugin-organize-imports@4.0.0(prettier@3.3.3)(typescript@5.5.4):
    dependencies:
      prettier: 3.3.3
      typescript: 5.5.4

  prettier@3.3.3: {}

  spectre.css@0.5.9: {}

  typescript@5.5.4: {}
