lockfileVersion: '9.0'

settings:
  autoInstallPeers: true
  excludeLinksFromLockfile: false

importers:

  .:
    dependencies:
      '@preact/signals':
        specifier: 2.2.0
        version: 2.2.0(preact@10.26.9)
      preact:
        specifier: 10.26.9
        version: 10.26.9
      preact-render-to-string:
        specifier: 6.5.13
        version: 6.5.13(preact@10.26.9)
      spectre.css:
        specifier: 0.5.9
        version: 0.5.9
    devDependencies:
      '@types/trusted-types':
        specifier: 2.0.7
        version: 2.0.7
      '@typescript/native-preview':
        specifier: 7.0.0-dev.20250617.1
        version: 7.0.0-dev.20250617.1
      esbuild:
        specifier: 0.25.5
        version: 0.25.5
      oxlint:
        specifier: 1.1.0
        version: 1.1.0
      prettier:
        specifier: 3.5.3
        version: 3.5.3
      prettier-plugin-organize-imports:
        specifier: 4.1.0
        version: 4.1.0(prettier@3.5.3)(typescript@5.8.3)

packages:

  '@esbuild/aix-ppc64@0.25.5':
    resolution: {integrity: sha512-9o3TMmpmftaCMepOdA5k/yDw8SfInyzWWTjYTFCX3kPSDJMROQTb8jg+h9Cnwnmm1vOzvxN7gIfB5V2ewpjtGA==}
    engines: {node: '>=18'}
    cpu: [ppc64]
    os: [aix]

  '@esbuild/android-arm64@0.25.5':
    resolution: {integrity: sha512-VGzGhj4lJO+TVGV1v8ntCZWJktV7SGCs3Pn1GRWI1SBFtRALoomm8k5E9Pmwg3HOAal2VDc2F9+PM/rEY6oIDg==}
    engines: {node: '>=18'}
    cpu: [arm64]
    os: [android]

  '@esbuild/android-arm@0.25.5':
    resolution: {integrity: sha512-AdJKSPeEHgi7/ZhuIPtcQKr5RQdo6OO2IL87JkianiMYMPbCtot9fxPbrMiBADOWWm3T2si9stAiVsGbTQFkbA==}
    engines: {node: '>=18'}
    cpu: [arm]
    os: [android]

  '@esbuild/android-x64@0.25.5':
    resolution: {integrity: sha512-D2GyJT1kjvO//drbRT3Hib9XPwQeWd9vZoBJn+bu/lVsOZ13cqNdDeqIF/xQ5/VmWvMduP6AmXvylO/PIc2isw==}
    engines: {node: '>=18'}
    cpu: [x64]
    os: [android]

  '@esbuild/darwin-arm64@0.25.5':
    resolution: {integrity: sha512-GtaBgammVvdF7aPIgH2jxMDdivezgFu6iKpmT+48+F8Hhg5J/sfnDieg0aeG/jfSvkYQU2/pceFPDKlqZzwnfQ==}
    engines: {node: '>=18'}
    cpu: [arm64]
    os: [darwin]

  '@esbuild/darwin-x64@0.25.5':
    resolution: {integrity: sha512-1iT4FVL0dJ76/q1wd7XDsXrSW+oLoquptvh4CLR4kITDtqi2e/xwXwdCVH8hVHU43wgJdsq7Gxuzcs6Iq/7bxQ==}
    engines: {node: '>=18'}
    cpu: [x64]
    os: [darwin]

  '@esbuild/freebsd-arm64@0.25.5':
    resolution: {integrity: sha512-nk4tGP3JThz4La38Uy/gzyXtpkPW8zSAmoUhK9xKKXdBCzKODMc2adkB2+8om9BDYugz+uGV7sLmpTYzvmz6Sw==}
    engines: {node: '>=18'}
    cpu: [arm64]
    os: [freebsd]

  '@esbuild/freebsd-x64@0.25.5':
    resolution: {integrity: sha512-PrikaNjiXdR2laW6OIjlbeuCPrPaAl0IwPIaRv+SMV8CiM8i2LqVUHFC1+8eORgWyY7yhQY+2U2fA55mBzReaw==}
    engines: {node: '>=18'}
    cpu: [x64]
    os: [freebsd]

  '@esbuild/linux-arm64@0.25.5':
    resolution: {integrity: sha512-Z9kfb1v6ZlGbWj8EJk9T6czVEjjq2ntSYLY2cw6pAZl4oKtfgQuS4HOq41M/BcoLPzrUbNd+R4BXFyH//nHxVg==}
    engines: {node: '>=18'}
    cpu: [arm64]
    os: [linux]

  '@esbuild/linux-arm@0.25.5':
    resolution: {integrity: sha512-cPzojwW2okgh7ZlRpcBEtsX7WBuqbLrNXqLU89GxWbNt6uIg78ET82qifUy3W6OVww6ZWobWub5oqZOVtwolfw==}
    engines: {node: '>=18'}
    cpu: [arm]
    os: [linux]

  '@esbuild/linux-ia32@0.25.5':
    resolution: {integrity: sha512-sQ7l00M8bSv36GLV95BVAdhJ2QsIbCuCjh/uYrWiMQSUuV+LpXwIqhgJDcvMTj+VsQmqAHL2yYaasENvJ7CDKA==}
    engines: {node: '>=18'}
    cpu: [ia32]
    os: [linux]

  '@esbuild/linux-loong64@0.25.5':
    resolution: {integrity: sha512-0ur7ae16hDUC4OL5iEnDb0tZHDxYmuQyhKhsPBV8f99f6Z9KQM02g33f93rNH5A30agMS46u2HP6qTdEt6Q1kg==}
    engines: {node: '>=18'}
    cpu: [loong64]
    os: [linux]

  '@esbuild/linux-mips64el@0.25.5':
    resolution: {integrity: sha512-kB/66P1OsHO5zLz0i6X0RxlQ+3cu0mkxS3TKFvkb5lin6uwZ/ttOkP3Z8lfR9mJOBk14ZwZ9182SIIWFGNmqmg==}
    engines: {node: '>=18'}
    cpu: [mips64el]
    os: [linux]

  '@esbuild/linux-ppc64@0.25.5':
    resolution: {integrity: sha512-UZCmJ7r9X2fe2D6jBmkLBMQetXPXIsZjQJCjgwpVDz+YMcS6oFR27alkgGv3Oqkv07bxdvw7fyB71/olceJhkQ==}
    engines: {node: '>=18'}
    cpu: [ppc64]
    os: [linux]

  '@esbuild/linux-riscv64@0.25.5':
    resolution: {integrity: sha512-kTxwu4mLyeOlsVIFPfQo+fQJAV9mh24xL+y+Bm6ej067sYANjyEw1dNHmvoqxJUCMnkBdKpvOn0Ahql6+4VyeA==}
    engines: {node: '>=18'}
    cpu: [riscv64]
    os: [linux]

  '@esbuild/linux-s390x@0.25.5':
    resolution: {integrity: sha512-K2dSKTKfmdh78uJ3NcWFiqyRrimfdinS5ErLSn3vluHNeHVnBAFWC8a4X5N+7FgVE1EjXS1QDZbpqZBjfrqMTQ==}
    engines: {node: '>=18'}
    cpu: [s390x]
    os: [linux]

  '@esbuild/linux-x64@0.25.5':
    resolution: {integrity: sha512-uhj8N2obKTE6pSZ+aMUbqq+1nXxNjZIIjCjGLfsWvVpy7gKCOL6rsY1MhRh9zLtUtAI7vpgLMK6DxjO8Qm9lJw==}
    engines: {node: '>=18'}
    cpu: [x64]
    os: [linux]

  '@esbuild/netbsd-arm64@0.25.5':
    resolution: {integrity: sha512-pwHtMP9viAy1oHPvgxtOv+OkduK5ugofNTVDilIzBLpoWAM16r7b/mxBvfpuQDpRQFMfuVr5aLcn4yveGvBZvw==}
    engines: {node: '>=18'}
    cpu: [arm64]
    os: [netbsd]

  '@esbuild/netbsd-x64@0.25.5':
    resolution: {integrity: sha512-WOb5fKrvVTRMfWFNCroYWWklbnXH0Q5rZppjq0vQIdlsQKuw6mdSihwSo4RV/YdQ5UCKKvBy7/0ZZYLBZKIbwQ==}
    engines: {node: '>=18'}
    cpu: [x64]
    os: [netbsd]

  '@esbuild/openbsd-arm64@0.25.5':
    resolution: {integrity: sha512-7A208+uQKgTxHd0G0uqZO8UjK2R0DDb4fDmERtARjSHWxqMTye4Erz4zZafx7Di9Cv+lNHYuncAkiGFySoD+Mw==}
    engines: {node: '>=18'}
    cpu: [arm64]
    os: [openbsd]

  '@esbuild/openbsd-x64@0.25.5':
    resolution: {integrity: sha512-G4hE405ErTWraiZ8UiSoesH8DaCsMm0Cay4fsFWOOUcz8b8rC6uCvnagr+gnioEjWn0wC+o1/TAHt+It+MpIMg==}
    engines: {node: '>=18'}
    cpu: [x64]
    os: [openbsd]

  '@esbuild/sunos-x64@0.25.5':
    resolution: {integrity: sha512-l+azKShMy7FxzY0Rj4RCt5VD/q8mG/e+mDivgspo+yL8zW7qEwctQ6YqKX34DTEleFAvCIUviCFX1SDZRSyMQA==}
    engines: {node: '>=18'}
    cpu: [x64]
    os: [sunos]

  '@esbuild/win32-arm64@0.25.5':
    resolution: {integrity: sha512-O2S7SNZzdcFG7eFKgvwUEZ2VG9D/sn/eIiz8XRZ1Q/DO5a3s76Xv0mdBzVM5j5R639lXQmPmSo0iRpHqUUrsxw==}
    engines: {node: '>=18'}
    cpu: [arm64]
    os: [win32]

  '@esbuild/win32-ia32@0.25.5':
    resolution: {integrity: sha512-onOJ02pqs9h1iMJ1PQphR+VZv8qBMQ77Klcsqv9CNW2w6yLqoURLcgERAIurY6QE63bbLuqgP9ATqajFLK5AMQ==}
    engines: {node: '>=18'}
    cpu: [ia32]
    os: [win32]

  '@esbuild/win32-x64@0.25.5':
    resolution: {integrity: sha512-TXv6YnJ8ZMVdX+SXWVBo/0p8LTcrUYngpWjvm91TMjjBQii7Oz11Lw5lbDV5Y0TzuhSJHwiH4hEtC1I42mMS0g==}
    engines: {node: '>=18'}
    cpu: [x64]
    os: [win32]

  '@oxlint/darwin-arm64@1.1.0':
    resolution: {integrity: sha512-sSnR3SOxIU/QfaqXrcQ0UVUkzJO0bcInQ7dMhHa102gVAgWjp1fBeMVCM0adEY0UNmEXrRkgD/rQtQgn9YAU+w==}
    cpu: [arm64]
    os: [darwin]

  '@oxlint/darwin-x64@1.1.0':
    resolution: {integrity: sha512-Jvd3fHnzY2OYbmsg9NSGPoBkGViDGHSFnBKyJQ9LOIw7lxAyQBG2Quxc3GYPFR/f9OYho9C3p4+dIaAJfKhnsw==}
    cpu: [x64]
    os: [darwin]

  '@oxlint/linux-arm64-gnu@1.1.0':
    resolution: {integrity: sha512-MgW4iskOdXuoR+wDXIJUfbdnTg2eo2FnQRaD6ZqhnDTDa7LnV+06rp/Cg3aGj2X9jSEcKDv/bMbYQuot7WRs6Q==}
    cpu: [arm64]
    os: [linux]

  '@oxlint/linux-arm64-musl@1.1.0':
    resolution: {integrity: sha512-a+pkEKmDRdrW+y0gtZ/m68ElVW2VZgATGbMxDgDYFpdiMx9Y0pUPwTMZ2EX/17Aslop4c1BiDSFDK7aEBxKR2g==}
    cpu: [arm64]
    os: [linux]

  '@oxlint/linux-x64-gnu@1.1.0':
    resolution: {integrity: sha512-wNBsXCKVZMvUTcFitrV1wTsdhUAv8l+XQxHxciZ2SO6dpNnWEb2YCxSAIOXeyzBLdO4pIODYcSy38CvGue7TwA==}
    cpu: [x64]
    os: [linux]

  '@oxlint/linux-x64-musl@1.1.0':
    resolution: {integrity: sha512-pZD0lt6A5j2Wp70fgIYk4GoPfKTZ8mHWamWIpKFT7aSkFkiOi6nhLWDFvMEIHWRTK3LgkWUNcnWPp4brvin4wQ==}
    cpu: [x64]
    os: [linux]

  '@oxlint/win32-arm64@1.1.0':
    resolution: {integrity: sha512-rT6uXQvE80+B+L04HJf30uF26426FPI9i9DAY2AxBUhrpNwhqkDEhQdd9ilFWVC7SSbpHgAs50lo+ImSAAkHPQ==}
    cpu: [arm64]
    os: [win32]

  '@oxlint/win32-x64@1.1.0':
    resolution: {integrity: sha512-x6r5yvM3wEty93Bx0NuNK+kutUyS/K55itkUrxdExoK6GcmVDboGGuhju9HyU2cM/IWLEWO8RHcXSyaxr9GR5g==}
    cpu: [x64]
    os: [win32]

  '@preact/signals-core@1.10.0':
    resolution: {integrity: sha512-qlKeXlfqtlC+sjxCPHt6Sk0/dXBrKZVcPlianqjNc/vW263YBFiP5mRrgKpHoO0q222Thm1TdYQWfCKpbbgvwA==}

  '@preact/signals@2.2.0':
    resolution: {integrity: sha512-P3KPcEYyVk9Wiwfw68QQzRpPkt0H+zjfH3X4AaGCDlc86GuRBYFGiAxT1nC5F5qlsVIEmjNJ9yVYe7C91z3L+g==}
    peerDependencies:
      preact: '>= 10.25.0'

  '@types/trusted-types@2.0.7':
    resolution: {integrity: sha512-ScaPdn1dQczgbl0QFTeTOmVHFULt394XJgOQNoyVhZ6r2vLnMLJfBPd53SB52T/3G36VI1/g2MZaX0cwDuXsfw==}

  '@typescript/native-preview-darwin-arm64@7.0.0-dev.20250617.1':
    resolution: {integrity: sha512-GfymQ0cnEWOoae9Yb/20VE9Mqd4gowOPRzfxJtCbmYc8Yr2XAEavKnB8eHgtE5LYxML2796GADmIRhSS2qkmeA==}
    engines: {node: '>=20.6.0'}
    cpu: [arm64]
    os: [darwin]

  '@typescript/native-preview-darwin-x64@7.0.0-dev.20250617.1':
    resolution: {integrity: sha512-ZIDJvjYeB2+uHsaQCGwpFbbMdLiJQMWIdTV2ba4cFKDMEQrrj2idPL0NH618joChE8enQ1E6YBMFtJcunzaO5A==}
    engines: {node: '>=20.6.0'}
    cpu: [x64]
    os: [darwin]

  '@typescript/native-preview-linux-arm64@7.0.0-dev.20250617.1':
    resolution: {integrity: sha512-/OGztX0ZTvOq1xjE0m4bKC0+0ADFopE1+wG5P2x0eifgYJqWS8Z3hZGzCIZ9EntEw5ehaaepSs2x+rFYw/mozg==}
    engines: {node: '>=20.6.0'}
    cpu: [arm64]
    os: [linux]

  '@typescript/native-preview-linux-arm@7.0.0-dev.20250617.1':
    resolution: {integrity: sha512-BImtvCIl8QrJaMhAvu4cW/aguShR29ypSPqFBMzGHGttdA0A9Opqwv4KB4JP9Pa3FPIrsvQ3EnKIzXYsxR1rXQ==}
    engines: {node: '>=20.6.0'}
    cpu: [arm]
    os: [linux]

  '@typescript/native-preview-linux-x64@7.0.0-dev.20250617.1':
    resolution: {integrity: sha512-YgJQ86WmTiTcm0bfV3cJr06lj4AXjnRSQ7wPn4Akie1ZnBwJ/MuBkSshcikeizEcwSNDq1wfcC1ajNTlwA6zlw==}
    engines: {node: '>=20.6.0'}
    cpu: [x64]
    os: [linux]

  '@typescript/native-preview-win32-arm64@7.0.0-dev.20250617.1':
    resolution: {integrity: sha512-VGJL5ovkI2G4XCWeiAbQWIj2a20HIeZ5aXqxdqp6toiJ71K/w1iWa1UUFmS7Ahszr3IGUWMp54OKD8pH77+dow==}
    engines: {node: '>=20.6.0'}
    cpu: [arm64]
    os: [win32]

  '@typescript/native-preview-win32-x64@7.0.0-dev.20250617.1':
    resolution: {integrity: sha512-w11yreVQnIP+QLF84OJUkHq7xdk5x3N6BWKnawcqYkSXLLkWBCJtzxUKr4+rT2cnITOGqWX7IVKBkWY0pJzBWw==}
    engines: {node: '>=20.6.0'}
    cpu: [x64]
    os: [win32]

  '@typescript/native-preview@7.0.0-dev.20250617.1':
    resolution: {integrity: sha512-ns9t0bz3JMuUnzeRbFFjPkVPJozl0gkEzPk6RTAALC/oAyCD22ZWWNT2f/4BnfaPCSv/VmS+DE+ehsBUhlLyvw==}
    engines: {node: '>=20.6.0'}
    hasBin: true

  esbuild@0.25.5:
    resolution: {integrity: sha512-P8OtKZRv/5J5hhz0cUAdu/cLuPIKXpQl1R9pZtvmHWQvrAUVd0UNIPT4IB4W3rNOqVO0rlqHmCIbSwxh/c9yUQ==}
    engines: {node: '>=18'}
    hasBin: true

  oxlint@1.1.0:
    resolution: {integrity: sha512-OVNpaoaQCUHHhCv5sYMPJ7Ts5k7ziw0QteH1gBSwF3elf/8GAew2Uh/0S7HsU1iGtjhlFy80+A8nwIb3Tq6m1w==}
    engines: {node: '>=8.*'}
    hasBin: true

  preact-render-to-string@6.5.13:
    resolution: {integrity: sha512-iGPd+hKPMFKsfpR2vL4kJ6ZPcFIoWZEcBf0Dpm3zOpdVvj77aY8RlLiQji5OMrngEyaxGogeakTb54uS2FvA6w==}
    peerDependencies:
      preact: '>=10'

  preact@10.26.9:
    resolution: {integrity: sha512-SSjF9vcnF27mJK1XyFMNJzFd5u3pQiATFqoaDy03XuN00u4ziveVVEGt5RKJrDR8MHE/wJo9Nnad56RLzS2RMA==}

  prettier-plugin-organize-imports@4.1.0:
    resolution: {integrity: sha512-5aWRdCgv645xaa58X8lOxzZoiHAldAPChljr/MT0crXVOWTZ+Svl4hIWlz+niYSlO6ikE5UXkN1JrRvIP2ut0A==}
    peerDependencies:
      prettier: '>=2.0'
      typescript: '>=2.9'
      vue-tsc: ^2.1.0
    peerDependenciesMeta:
      vue-tsc:
        optional: true

  prettier@3.5.3:
    resolution: {integrity: sha512-QQtaxnoDJeAkDvDKWCLiwIXkTgRhwYDEQCghU9Z6q03iyek/rxRh/2lC3HB7P8sWT2xC/y5JDctPLBIGzHKbhw==}
    engines: {node: '>=14'}
    hasBin: true

  spectre.css@0.5.9:
    resolution: {integrity: sha512-9jUqwZmCnvflrxFGcK+ize43TvjwDjqMwZPVubEtSIHzvinH0TBUESm1LcOJx3Ur7bdPaeOHQIjOqBl1Y5kLFw==}

  typescript@5.8.3:
    resolution: {integrity: sha512-p1diW6TqL9L07nNxvRMM7hMMw4c5XOo/1ibL4aAIGmSAt9slTE1Xgw5KWuof2uTOvCg9BY7ZRi+GaF+7sfgPeQ==}
    engines: {node: '>=14.17'}
    hasBin: true

snapshots:

  '@esbuild/aix-ppc64@0.25.5':
    optional: true

  '@esbuild/android-arm64@0.25.5':
    optional: true

  '@esbuild/android-arm@0.25.5':
    optional: true

  '@esbuild/android-x64@0.25.5':
    optional: true

  '@esbuild/darwin-arm64@0.25.5':
    optional: true

  '@esbuild/darwin-x64@0.25.5':
    optional: true

  '@esbuild/freebsd-arm64@0.25.5':
    optional: true

  '@esbuild/freebsd-x64@0.25.5':
    optional: true

  '@esbuild/linux-arm64@0.25.5':
    optional: true

  '@esbuild/linux-arm@0.25.5':
    optional: true

  '@esbuild/linux-ia32@0.25.5':
    optional: true

  '@esbuild/linux-loong64@0.25.5':
    optional: true

  '@esbuild/linux-mips64el@0.25.5':
    optional: true

  '@esbuild/linux-ppc64@0.25.5':
    optional: true

  '@esbuild/linux-riscv64@0.25.5':
    optional: true

  '@esbuild/linux-s390x@0.25.5':
    optional: true

  '@esbuild/linux-x64@0.25.5':
    optional: true

  '@esbuild/netbsd-arm64@0.25.5':
    optional: true

  '@esbuild/netbsd-x64@0.25.5':
    optional: true

  '@esbuild/openbsd-arm64@0.25.5':
    optional: true

  '@esbuild/openbsd-x64@0.25.5':
    optional: true

  '@esbuild/sunos-x64@0.25.5':
    optional: true

  '@esbuild/win32-arm64@0.25.5':
    optional: true

  '@esbuild/win32-ia32@0.25.5':
    optional: true

  '@esbuild/win32-x64@0.25.5':
    optional: true

  '@oxlint/darwin-arm64@1.1.0':
    optional: true

  '@oxlint/darwin-x64@1.1.0':
    optional: true

  '@oxlint/linux-arm64-gnu@1.1.0':
    optional: true

  '@oxlint/linux-arm64-musl@1.1.0':
    optional: true

  '@oxlint/linux-x64-gnu@1.1.0':
    optional: true

  '@oxlint/linux-x64-musl@1.1.0':
    optional: true

  '@oxlint/win32-arm64@1.1.0':
    optional: true

  '@oxlint/win32-x64@1.1.0':
    optional: true

  '@preact/signals-core@1.10.0': {}

  '@preact/signals@2.2.0(preact@10.26.9)':
    dependencies:
      '@preact/signals-core': 1.10.0
      preact: 10.26.9

  '@types/trusted-types@2.0.7': {}

  '@typescript/native-preview-darwin-arm64@7.0.0-dev.20250617.1':
    optional: true

  '@typescript/native-preview-darwin-x64@7.0.0-dev.20250617.1':
    optional: true

  '@typescript/native-preview-linux-arm64@7.0.0-dev.20250617.1':
    optional: true

  '@typescript/native-preview-linux-arm@7.0.0-dev.20250617.1':
    optional: true

  '@typescript/native-preview-linux-x64@7.0.0-dev.20250617.1':
    optional: true

  '@typescript/native-preview-win32-arm64@7.0.0-dev.20250617.1':
    optional: true

  '@typescript/native-preview-win32-x64@7.0.0-dev.20250617.1':
    optional: true

  '@typescript/native-preview@7.0.0-dev.20250617.1':
    optionalDependencies:
      '@typescript/native-preview-darwin-arm64': 7.0.0-dev.20250617.1
      '@typescript/native-preview-darwin-x64': 7.0.0-dev.20250617.1
      '@typescript/native-preview-linux-arm': 7.0.0-dev.20250617.1
      '@typescript/native-preview-linux-arm64': 7.0.0-dev.20250617.1
      '@typescript/native-preview-linux-x64': 7.0.0-dev.20250617.1
      '@typescript/native-preview-win32-arm64': 7.0.0-dev.20250617.1
      '@typescript/native-preview-win32-x64': 7.0.0-dev.20250617.1

  esbuild@0.25.5:
    optionalDependencies:
      '@esbuild/aix-ppc64': 0.25.5
      '@esbuild/android-arm': 0.25.5
      '@esbuild/android-arm64': 0.25.5
      '@esbuild/android-x64': 0.25.5
      '@esbuild/darwin-arm64': 0.25.5
      '@esbuild/darwin-x64': 0.25.5
      '@esbuild/freebsd-arm64': 0.25.5
      '@esbuild/freebsd-x64': 0.25.5
      '@esbuild/linux-arm': 0.25.5
      '@esbuild/linux-arm64': 0.25.5
      '@esbuild/linux-ia32': 0.25.5
      '@esbuild/linux-loong64': 0.25.5
      '@esbuild/linux-mips64el': 0.25.5
      '@esbuild/linux-ppc64': 0.25.5
      '@esbuild/linux-riscv64': 0.25.5
      '@esbuild/linux-s390x': 0.25.5
      '@esbuild/linux-x64': 0.25.5
      '@esbuild/netbsd-arm64': 0.25.5
      '@esbuild/netbsd-x64': 0.25.5
      '@esbuild/openbsd-arm64': 0.25.5
      '@esbuild/openbsd-x64': 0.25.5
      '@esbuild/sunos-x64': 0.25.5
      '@esbuild/win32-arm64': 0.25.5
      '@esbuild/win32-ia32': 0.25.5
      '@esbuild/win32-x64': 0.25.5

  oxlint@1.1.0:
    optionalDependencies:
      '@oxlint/darwin-arm64': 1.1.0
      '@oxlint/darwin-x64': 1.1.0
      '@oxlint/linux-arm64-gnu': 1.1.0
      '@oxlint/linux-arm64-musl': 1.1.0
      '@oxlint/linux-x64-gnu': 1.1.0
      '@oxlint/linux-x64-musl': 1.1.0
      '@oxlint/win32-arm64': 1.1.0
      '@oxlint/win32-x64': 1.1.0

  preact-render-to-string@6.5.13(preact@10.26.9):
    dependencies:
      preact: 10.26.9

  preact@10.26.9: {}

  prettier-plugin-organize-imports@4.1.0(prettier@3.5.3)(typescript@5.8.3):
    dependencies:
      prettier: 3.5.3
      typescript: 5.8.3

  prettier@3.5.3: {}

  spectre.css@0.5.9: {}

  typescript@5.8.3: {}
