# THIS IS AN AUTOGENERATED FILE. DO NOT EDIT THIS FILE DIRECTLY.
# yarn lockfile v1


"@babel/code-frame@^7.0.0":
  version "7.0.0"
  resolved "https://registry.npm.taobao.org/@babel/code-frame/download/@babel/code-frame-7.0.0.tgz#06e2ab19bdb535385559aabb5ba59729482800f8"
  integrity sha1-BuKrGb21NThVWaq7W6WXKUgoAPg=
  dependencies:
    "@babel/highlight" "^7.0.0"

"@babel/highlight@^7.0.0":
  version "7.0.0"
  resolved "https://registry.npm.taobao.org/@babel/highlight/download/@babel/highlight-7.0.0.tgz#f710c38c8d458e6dd9a201afb637fcb781ce99e4"
  integrity sha1-9xDDjI1Fjm3ZogGvtjf8t4HOmeQ=
  dependencies:
    chalk "^2.0.0"
    esutils "^2.0.2"
    js-tokens "^4.0.0"

"@types/estree@0.0.39":
  version "0.0.39"
  resolved "https://registry.npm.taobao.org/@types/estree/download/@types/estree-0.0.39.tgz#e177e699ee1b8c22d23174caaa7422644389509f"
  integrity sha1-4Xfmme4bjCLSMXTKqnQiZEOJUJ8=

"@types/node@*", "@types/node@^12.0.3":
  version "12.0.3"
  resolved "https://registry.npm.taobao.org/@types/node/download/@types/node-12.0.3.tgz#5d8d24e0033fc6393efadc85cb59c1f638095c9a"
  integrity sha1-XY0k4AM/xjk++tyFy1nB9jgJXJo=

"@types/resolve@0.0.8":
  version "0.0.8"
  resolved "https://registry.npm.taobao.org/@types/resolve/download/@types/resolve-0.0.8.tgz#f26074d238e02659e323ce1a13d041eee280e194"
  integrity sha1-8mB00jjgJlnjI84aE9BB7uKA4ZQ=
  dependencies:
    "@types/node" "*"

acorn@^6.1.1:
  version "6.1.1"
  resolved "https://registry.npm.taobao.org/acorn/download/acorn-6.1.1.tgz#7d25ae05bb8ad1f9b699108e1094ecd7884adc1f"
  integrity sha1-fSWuBbuK0fm2mRCOEJTs14hK3B8=

ansi-styles@^3.2.1:
  version "3.2.1"
  resolved "https://registry.npm.taobao.org/ansi-styles/download/ansi-styles-3.2.1.tgz#41fbb20243e50b12be0f04b8dedbf07520ce841d"
  integrity sha1-QfuyAkPlCxK+DwS43tvwdSDOhB0=
  dependencies:
    color-convert "^1.9.0"

buffer-from@^1.0.0:
  version "1.1.1"
  resolved "https://registry.npm.taobao.org/buffer-from/download/buffer-from-1.1.1.tgz#32713bc028f75c02fdb710d7c7bcec1f2c6070ef"
  integrity sha1-MnE7wCj3XAL9txDXx7zsHyxgcO8=

builtin-modules@^3.1.0:
  version "3.1.0"
  resolved "https://registry.npm.taobao.org/builtin-modules/download/builtin-modules-3.1.0.tgz#aad97c15131eb76b65b50ef208e7584cd76a7484"
  integrity sha1-qtl8FRMet2tltQ7yCOdYTNdqdIQ=

chalk@^2.0.0:
  version "2.4.2"
  resolved "https://registry.npm.taobao.org/chalk/download/chalk-2.4.2.tgz#cd42541677a54333cf541a49108c1432b44c9424"
  integrity sha1-zUJUFnelQzPPVBpJEIwUMrRMlCQ=
  dependencies:
    ansi-styles "^3.2.1"
    escape-string-regexp "^1.0.5"
    supports-color "^5.3.0"

color-convert@^1.9.0:
  version "1.9.3"
  resolved "https://registry.npm.taobao.org/color-convert/download/color-convert-1.9.3.tgz#bb71850690e1f136567de629d2d5471deda4c1e8"
  integrity sha1-u3GFBpDh8TZWfeYp0tVHHe2kweg=
  dependencies:
    color-name "1.1.3"

color-name@1.1.3:
  version "1.1.3"
  resolved "https://registry.npm.taobao.org/color-name/download/color-name-1.1.3.tgz#a7d0558bd89c42f795dd42328f740831ca53bc25"
  integrity sha1-p9BVi9icQveV3UIyj3QIMcpTvCU=

commander@^2.19.0:
  version "2.20.0"
  resolved "https://registry.npm.taobao.org/commander/download/commander-2.20.0.tgz#d58bb2b5c1ee8f87b0d340027e9e94e222c5a422"
  integrity sha1-1YuytcHuj4ew00ACfp6U4iLFpCI=

core-util-is@~1.0.0:
  version "1.0.2"
  resolved "https://registry.npm.taobao.org/core-util-is/download/core-util-is-1.0.2.tgz#b5fd54220aa2bc5ab57aab7140c940754503c1a7"
  integrity sha1-tf1UIgqivFq1eqtxQMlAdUUDwac=

dotenv-safe@6.1.0:
  version "6.1.0"
  resolved "https://registry.npm.taobao.org/dotenv-safe/download/dotenv-safe-6.1.0.tgz#df6e72ced7d5bcfd9d870c9f656962a02197337b"
  integrity sha1-325yztfVvP2dhwyfZWlioCGXM3s=
  dependencies:
    dotenv "^6.1.0"

dotenv@^6.1.0:
  version "6.2.0"
  resolved "https://registry.npm.taobao.org/dotenv/download/dotenv-6.2.0.tgz#941c0410535d942c8becf28d3f357dbd9d476064"
  integrity sha1-lBwEEFNdlCyL7PKNPzV9vZ1HYGQ=

escape-string-regexp@^1.0.5:
  version "1.0.5"
  resolved "https://registry.npm.taobao.org/escape-string-regexp/download/escape-string-regexp-1.0.5.tgz#1b61c0562190a8dff6ae3bb2cf0200ca130b86d4"
  integrity sha1-G2HAViGQqN/2rjuyzwIAyhMLhtQ=

estree-walker@^0.6.1:
  version "0.6.1"
  resolved "https://registry.npm.taobao.org/estree-walker/download/estree-walker-0.6.1.tgz#53049143f40c6eb918b23671d1fe3219f3a1b362"
  integrity sha1-UwSRQ/QMbrkYsjZx0f4yGfOhs2I=

esutils@^2.0.2:
  version "2.0.2"
  resolved "https://registry.npm.taobao.org/esutils/download/esutils-2.0.2.tgz#0abf4f1caa5bcb1f7a9d8acc6dea4faaa04bac9b"
  integrity sha1-Cr9PHKpbyx96nYrMbepPqqBLrJs=

has-flag@^3.0.0:
  version "3.0.0"
  resolved "https://registry.npm.taobao.org/has-flag/download/has-flag-3.0.0.tgz#b5d454dc2199ae225699f3467e5a07f3b955bafd"
  integrity sha1-tdRU3CGZriJWmfNGfloH87lVuv0=

inherits@~2.0.3:
  version "2.0.3"
  resolved "https://registry.npm.taobao.org/inherits/download/inherits-2.0.3.tgz#633c2c83e3da42a502f52466022480f4208261de"
  integrity sha1-Yzwsg+PaQqUC9SRmAiSA9CCCYd4=

is-module@^1.0.0:
  version "1.0.0"
  resolved "https://registry.npm.taobao.org/is-module/download/is-module-1.0.0.tgz#3258fb69f78c14d5b815d664336b4cffb6441591"
  integrity sha1-Mlj7afeMFNW4FdZkM2tM/7ZEFZE=

isarray@~1.0.0:
  version "1.0.0"
  resolved "https://registry.npm.taobao.org/isarray/download/isarray-1.0.0.tgz#bb935d48582cba168c06834957a54a3e07124f11"
  integrity sha1-u5NdSFgsuhaMBoNJV6VKPgcSTxE=

jest-worker@^24.6.0:
  version "24.6.0"
  resolved "https://registry.npm.taobao.org/jest-worker/download/jest-worker-24.6.0.tgz#7f81ceae34b7cde0c9827a6980c35b7cdc0161b3"
  integrity sha1-f4HOrjS3zeDJgnppgMNbfNwBYbM=
  dependencies:
    merge-stream "^1.0.1"
    supports-color "^6.1.0"

js-tokens@^4.0.0:
  version "4.0.0"
  resolved "https://registry.npm.taobao.org/js-tokens/download/js-tokens-4.0.0.tgz#19203fb59991df98e3a287050d4647cdeaf32499"
  integrity sha1-GSA/tZmR35jjoocFDUZHzerzJJk=

magic-string@^0.25.2:
  version "0.25.2"
  resolved "https://registry.npm.taobao.org/magic-string/download/magic-string-0.25.2.tgz#139c3a729515ec55e96e69e82a11fe890a293ad9"
  integrity sha1-E5w6cpUV7FXpbmnoKhH+iQopOtk=
  dependencies:
    sourcemap-codec "^1.4.4"

merge-stream@^1.0.1:
  version "1.0.1"
  resolved "https://registry.npm.taobao.org/merge-stream/download/merge-stream-1.0.1.tgz#4041202d508a342ba00174008df0c251b8c135e1"
  integrity sha1-QEEgLVCKNCugAXQAjfDCUbjBNeE=
  dependencies:
    readable-stream "^2.0.1"

mime@>=2.0.3:
  version "2.4.3"
  resolved "https://registry.npm.taobao.org/mime/download/mime-2.4.3.tgz#229687331e86f68924e6cb59e1cdd937f18275fe"
  integrity sha1-IpaHMx6G9okk5stZ4c3ZN/GCdf4=

opener@1:
  version "1.5.1"
  resolved "https://registry.npm.taobao.org/opener/download/opener-1.5.1.tgz#6d2f0e77f1a0af0032aca716c2c1fbb8e7e8abed"
  integrity sha1-bS8Od/GgrwAyrKcWwsH7uOfoq+0=

path-parse@^1.0.6:
  version "1.0.6"
  resolved "https://registry.npm.taobao.org/path-parse/download/path-parse-1.0.6.tgz#d62dbb5679405d72c4737ec58600e9ddcf06d24c"
  integrity sha1-1i27VnlAXXLEc37FhgDp3c8G0kw=

prettier@1.17.1:
  version "1.17.1"
  resolved "https://registry.npm.taobao.org/prettier/download/prettier-1.17.1.tgz#ed64b4e93e370cb8a25b9ef7fef3e4fd1c0995db"
  integrity sha1-7WS06T43DLiiW573/vPk/RwJlds=

process-nextick-args@~2.0.0:
  version "2.0.0"
  resolved "https://registry.npm.taobao.org/process-nextick-args/download/process-nextick-args-2.0.0.tgz#a37d732f4271b4ab1ad070d35508e8290788ffaa"
  integrity sha1-o31zL0JxtKsa0HDTVQjoKQeI/6o=

readable-stream@^2.0.1:
  version "2.3.6"
  resolved "https://registry.npm.taobao.org/readable-stream/download/readable-stream-2.3.6.tgz?cache=0&other_urls=https%3A%2F%2Fregistry.npm.taobao.org%2Freadable-stream%2Fdownload%2Freadable-stream-2.3.6.tgz#b11c27d88b8ff1fbe070643cf94b0c79ae1b0aaf"
  integrity sha1-sRwn2IuP8fvgcGQ8+UsMea4bCq8=
  dependencies:
    core-util-is "~1.0.0"
    inherits "~2.0.3"
    isarray "~1.0.0"
    process-nextick-args "~2.0.0"
    safe-buffer "~5.1.1"
    string_decoder "~1.1.1"
    util-deprecate "~1.0.1"

require-relative@^0.8.7:
  version "0.8.7"
  resolved "https://registry.npm.taobao.org/require-relative/download/require-relative-0.8.7.tgz#7999539fc9e047a37928fa196f8e1563dabd36de"
  integrity sha1-eZlTn8ngR6N5KPoZb44VY9q9Nt4=

resolve@^1.10.1:
  version "1.11.0"
  resolved "https://registry.npm.taobao.org/resolve/download/resolve-1.11.0.tgz#4014870ba296176b86343d50b60f3b50609ce232"
  integrity sha1-QBSHC6KWF2uGND1Qtg87UGCc4jI=
  dependencies:
    path-parse "^1.0.6"

rollup-plugin-json@4.0.0:
  version "4.0.0"
  resolved "https://registry.npm.taobao.org/rollup-plugin-json/download/rollup-plugin-json-4.0.0.tgz#a18da0a4b30bf5ca1ee76ddb1422afbb84ae2b9e"
  integrity sha1-oY2gpLML9coe523bFCKvu4SuK54=
  dependencies:
    rollup-pluginutils "^2.5.0"

rollup-plugin-node-resolve@5.0.0:
  version "5.0.0"
  resolved "https://registry.npm.taobao.org/rollup-plugin-node-resolve/download/rollup-plugin-node-resolve-5.0.0.tgz#754abf4841ed4bab2241551cba0a11d04c57f290"
  integrity sha1-dUq/SEHtS6siQVUcugoR0ExX8pA=
  dependencies:
    "@types/resolve" "0.0.8"
    builtin-modules "^3.1.0"
    is-module "^1.0.0"
    resolve "^1.10.1"
    rollup-pluginutils "^2.7.0"

rollup-plugin-replace@2.2.0:
  version "2.2.0"
  resolved "https://registry.npm.taobao.org/rollup-plugin-replace/download/rollup-plugin-replace-2.2.0.tgz#f41ae5372e11e7a217cde349c8b5d5fd115e70e3"
  integrity sha1-9BrlNy4R56IXzeNJyLXV/RFecOM=
  dependencies:
    magic-string "^0.25.2"
    rollup-pluginutils "^2.6.0"

rollup-plugin-serve@1.0.1:
  version "1.0.1"
  resolved "https://registry.npm.taobao.org/rollup-plugin-serve/download/rollup-plugin-serve-1.0.1.tgz#2da2a784a916c5564609c7696cd9dacdbf17f6cc"
  integrity sha1-LaKnhKkWxVZGCcdpbNnazb8X9sw=
  dependencies:
    mime ">=2.0.3"
    opener "1"

rollup-plugin-svelte@5.0.3:
  version "5.0.3"
  resolved "https://registry.npm.taobao.org/rollup-plugin-svelte/download/rollup-plugin-svelte-5.0.3.tgz#1e4cce33a94b0b4b4831abc7d76eabdf333ab63d"
  integrity sha1-HkzOM6lLC0tIMavH126r3zM6tj0=
  dependencies:
    require-relative "^0.8.7"
    rollup-pluginutils "^2.3.3"
    sourcemap-codec "^1.4.4"

rollup-plugin-terser@5.0.0:
  version "5.0.0"
  resolved "https://registry.npm.taobao.org/rollup-plugin-terser/download/rollup-plugin-terser-5.0.0.tgz#ac50fdb703b580447a7e6b1692aeed515a6be8cf"
  integrity sha1-rFD9twO1gER6fmsWkq7tUVpr6M8=
  dependencies:
    "@babel/code-frame" "^7.0.0"
    jest-worker "^24.6.0"
    serialize-javascript "^1.7.0"
    terser "^4.0.0"

rollup-pluginutils@^2.3.3, rollup-pluginutils@^2.5.0, rollup-pluginutils@^2.6.0, rollup-pluginutils@^2.7.0:
  version "2.8.0"
  resolved "https://registry.npm.taobao.org/rollup-pluginutils/download/rollup-pluginutils-2.8.0.tgz#d7ece1502958a35748a74080c7ac5e95681bcbe9"
  integrity sha1-1+zhUClYo1dIp0CAx6xelWgby+k=
  dependencies:
    estree-walker "^0.6.1"

rollup@1.12.5:
  version "1.12.5"
  resolved "https://registry.npm.taobao.org/rollup/download/rollup-1.12.5.tgz#11840535a2bc3591e95583c111d55fdf795e55c8"
  integrity sha1-EYQFNaK8NZHpVYPBEdVf33leVcg=
  dependencies:
    "@types/estree" "0.0.39"
    "@types/node" "^12.0.3"
    acorn "^6.1.1"

safe-buffer@~5.1.0, safe-buffer@~5.1.1:
  version "5.1.2"
  resolved "https://registry.npm.taobao.org/safe-buffer/download/safe-buffer-5.1.2.tgz#991ec69d296e0313747d59bdfd2b745c35f8828d"
  integrity sha1-mR7GnSluAxN0fVm9/St0XDX4go0=

serialize-javascript@^1.7.0:
  version "1.7.0"
  resolved "https://registry.npm.taobao.org/serialize-javascript/download/serialize-javascript-1.7.0.tgz#d6e0dfb2a3832a8c94468e6eb1db97e55a192a65"
  integrity sha1-1uDfsqODKoyURo5usduX5VoZKmU=

source-map-support@~0.5.10:
  version "0.5.12"
  resolved "https://registry.npm.taobao.org/source-map-support/download/source-map-support-0.5.12.tgz#b4f3b10d51857a5af0138d3ce8003b201613d599"
  integrity sha1-tPOxDVGFelrwE4086AA7IBYT1Zk=
  dependencies:
    buffer-from "^1.0.0"
    source-map "^0.6.0"

source-map@^0.6.0, source-map@~0.6.1:
  version "0.6.1"
  resolved "https://registry.npm.taobao.org/source-map/download/source-map-0.6.1.tgz#74722af32e9614e9c287a8d0bbde48b5e2f1a263"
  integrity sha1-dHIq8y6WFOnCh6jQu95IteLxomM=

sourcemap-codec@^1.4.4:
  version "1.4.4"
  resolved "https://registry.npm.taobao.org/sourcemap-codec/download/sourcemap-codec-1.4.4.tgz#c63ea927c029dd6bd9a2b7fa03b3fec02ad56e9f"
  integrity sha1-xj6pJ8Ap3WvZorf6A7P+wCrVbp8=

string_decoder@~1.1.1:
  version "1.1.1"
  resolved "https://registry.npm.taobao.org/string_decoder/download/string_decoder-1.1.1.tgz#9cf1611ba62685d7030ae9e4ba34149c3af03fc8"
  integrity sha1-nPFhG6YmhdcDCunkujQUnDrwP8g=
  dependencies:
    safe-buffer "~5.1.0"

supports-color@^5.3.0:
  version "5.5.0"
  resolved "https://registry.npm.taobao.org/supports-color/download/supports-color-5.5.0.tgz#e2e69a44ac8772f78a1ec0b35b689df6530efc8f"
  integrity sha1-4uaaRKyHcveKHsCzW2id9lMO/I8=
  dependencies:
    has-flag "^3.0.0"

supports-color@^6.1.0:
  version "6.1.0"
  resolved "https://registry.npm.taobao.org/supports-color/download/supports-color-6.1.0.tgz#0764abc69c63d5ac842dd4867e8d025e880df8f3"
  integrity sha1-B2Srxpxj1ayELdSGfo0CXogN+PM=
  dependencies:
    has-flag "^3.0.0"

svelte@3.4.4:
  version "3.4.4"
  resolved "https://registry.npm.taobao.org/svelte/download/svelte-3.4.4.tgz#8dcb60796b2b5a47175371f0763a612bf33a0944"
  integrity sha1-jctgeWsrWkcXU3HwdjphK/M6CUQ=

terser@^4.0.0:
  version "4.0.0"
  resolved "https://registry.npm.taobao.org/terser/download/terser-4.0.0.tgz#ef356f6f359a963e2cc675517f21c1c382877374"
  integrity sha1-7zVvbzWalj4sxnVRfyHBw4KHc3Q=
  dependencies:
    commander "^2.19.0"
    source-map "~0.6.1"
    source-map-support "~0.5.10"

util-deprecate@~1.0.1:
  version "1.0.2"
  resolved "https://registry.npm.taobao.org/util-deprecate/download/util-deprecate-1.0.2.tgz#450d4dc9fa70de732762fbd2d4a28981419a0ccf"
  integrity sha1-RQ1Nyfpw3nMnYvvS1KKJgUGaDM8=
